github.com/AlecAivazis/survey/v2 v2.3.6 h1:NvTuVHISgTHEHeBFqt6BHOe4Ny/NwGZr7w+F8S9ziyw=
github.com/AlecAivazis/survey/v2 v2.3.6/go.mod h1:4AuI9b7RjAR+G7v9+C4YSlX/YL3K3cWNXgWXOhllqvI=
github.com/Netflix/go-expect v0.0.0-20220104043353-73e0943537d2 h1:+vx7roKuyA63nhn5WAunQHLTznkw5W8b1Xc0dNjp83s=
github.com/Netflix/go-expect v0.0.0-20220104043353-73e0943537d2/go.mod h1:HBCaDeC1lPdgDeDbhX8XFpy1jqjK0IBG8W5K+xYqA0w=
github.com/aws/aws-sdk-go-v2 v1.16.14/go.mod h1:s/G+UV29dECbF5rf+RNj1xhlmvoNurGSr+McVSRj59w=
github.com/aws/aws-sdk-go-v2 v1.16.15 h1:2sInOWGE4HV54R90Pj8QgqBBw3Qf1I0husqbqjPZzys=
github.com/aws/aws-sdk-go-v2 v1.16.15/go.mod h1:SwiyXi/1zTUZ6KIAmLK5V5ll8SiURNUYOqTerZPaF9k=
github.com/aws/aws-sdk-go-v2/config v1.17.5 h1:+NS1BWvprx7nHcIk5o32LrZgifs/7Pm1V2nWjQgZ2H0=
github.com/aws/aws-sdk-go-v2/config v1.17.5/go.mod h1:H0cvPNDO3uExWts/9PDhD/0ne2esu1uaIulwn1vkwxM=
github.com/aws/aws-sdk-go-v2/credentials v1.12.18 h1:HF62tbhARhgLfvmfwUbL9qZ+dkbZYzbFdxBb3l5gr7Q=
github.com/aws/aws-sdk-go-v2/credentials v1.12.18/go.mod h1:O7n/CPagQ33rfG6h7vR/W02ammuc5CrsSM22cNZp9so=
github.com/aws/aws-sdk-go-v2/feature/ec2/imds v1.12.15 h1:nkQ+aI0OCeYfzrBipL6ja/6VEbUnHQoZHBHtoK+Nzxw=
github.com/aws/aws-sdk-go-v2/feature/ec2/imds v1.12.15/go.mod h1:Oz2/qWINxIgSmoZT9adpxJy2UhpcOAI3TIyWgYMVSz0=
github.com/aws/aws-sdk-go-v2/internal/configsources v1.1.21/go.mod h1:XsmHMV9c512xgsW01q7H0ut+UQQQpWX8QsFbdLHDwaU=
github.com/aws/aws-sdk-go-v2/internal/configsources v1.1.22 h1:pE27/u2A7JlwICjOvONQDob8PToShRTkuiUE74ymVWg=
github.com/aws/aws-sdk-go-v2/internal/configsources v1.1.22/go.mod h1:/vNv5Al0bpiF8YdX2Ov6Xy05VTiXsql94yUqJMYaj0w=
github.com/aws/aws-sdk-go-v2/internal/endpoints/v2 v2.4.15/go.mod h1:kjJ4CyD9M3Wq88GYg3IPfj67Rs0Uvz8aXK7MJ8BvE4I=
github.com/aws/aws-sdk-go-v2/internal/endpoints/v2 v2.4.16 h1:L5LKGHHXOl4t7+5QZMTl38GIzSAq07XUTRtEquiHGMA=
github.com/aws/aws-sdk-go-v2/internal/endpoints/v2 v2.4.16/go.mod h1:62dsXI0BqTIGomDl8Hpm33dv0OntGaVblri3ZRParVQ=
github.com/aws/aws-sdk-go-v2/internal/ini v1.3.22 h1:nF+E8HfYpOMw6M5oA9efB602VC00IHNQnB5CmFvZPvA=
github.com/aws/aws-sdk-go-v2/internal/ini v1.3.22/go.mod h1:tltHVGy977LrSOgRR5aV9+miyno/Gul/uJNPKS7FzP4=
github.com/aws/aws-sdk-go-v2/service/costexplorer v1.19.9 h1:TK7GP1KVJqBS9faagO7wEYLtykrEAClUa1xLkxDg6ew=
github.com/aws/aws-sdk-go-v2/service/costexplorer v1.19.9/go.mod h1:58VAiT0a5w3tL46C0asf70akQKKYf6gGFMhJKS5lMoQ=
github.com/aws/aws-sdk-go-v2/service/iam v1.18.18 h1:20YzppAf0OeVvyczfAFVUepwd6NQNaZLQ60wIuhVzJ4=
github.com/aws/aws-sdk-go-v2/service/iam v1.18.18/go.mod h1:yn6NUYQqiYNLEcAnz4t/gz1IhVA/COveWf18YOuA8d4=
github.com/aws/aws-sdk-go-v2/service/internal/presigned-url v1.9.15 h1:xlf0J6DUgAj/ocvKQxCmad8Bu1lJuRbt5Wu+4G1xw1g=
github.com/aws/aws-sdk-go-v2/service/internal/presigned-url v1.9.15/go.mod h1:ZVJ7ejRl4+tkWMuCwjXoy0jd8fF5u3RCyWjSVjUIvQE=
github.com/aws/aws-sdk-go-v2/service/organizations v1.16.11 h1:SD3iaIS/Ft4uvStO9b+T6KxRhc6DmFsz5WVZV7zMVtk=
github.com/aws/aws-sdk-go-v2/service/organizations v1.16.11/go.mod h1:lfoyMk6p/2mylYydaXOqBEvu6wVvtNUtNVO7PlHZSmw=
github.com/aws/aws-sdk-go-v2/service/sso v1.11.21 h1:7jUFr+7F4MzIjCZzy7ygRtXFQcQ0kAbT0gUvtUeAdyU=
github.com/aws/aws-sdk-go-v2/service/sso v1.11.21/go.mod h1:q8nYq51W3gpZempYsAD83fPRlrOTMCwN+Ahg4BKFTXQ=
github.com/aws/aws-sdk-go-v2/service/ssooidc v1.13.3 h1:UTTPNP3/WzZa7hoHP3Szb/Yl0bM3NoBrf5ABy1OArUM=
github.com/aws/aws-sdk-go-v2/service/ssooidc v1.13.3/go.mod h1:+IF75RMJh0+zqTGXGshyEGRsU2ImqWv6UuHGkHl6kEo=
github.com/aws/aws-sdk-go-v2/service/sts v1.16.17 h1:LVM2jzEQ8mhb2dhrFl4PJ3sa5+KcKT01dsMk2Ma9/FU=
github.com/aws/aws-sdk-go-v2/service/sts v1.16.17/go.mod h1:bQujK1n0V1D1Gz5uII1jaB1WDvhj4/T3tElsJnVXCR0=
github.com/aws/smithy-go v1.13.2/go.mod h1:Tg+OJXh4MB2R/uN61Ko2f6hTZwB/ZYGOtib8J3gBHzA=
github.com/aws/smithy-go v1.13.3 h1:l7LYxGuzK6/K+NzJ2mC+VvLUbae0sL3bXU//04MkmnA=
github.com/aws/smithy-go v1.13.3/go.mod h1:Tg+OJXh4MB2R/uN61Ko2f6hTZwB/ZYGOtib8J3gBHzA=
github.com/creack/pty v1.1.17 h1:QeVUsEDNrLBW4tMgZHvxy18sKtr6VI492kBhUfhDJNI=
github.com/creack/pty v1.1.17/go.mod h1:MOBLtS5ELjhRRrroQr9kyvTxUAFNvYEK993ew/Vr4O4=
github.com/davecgh/go-spew v1.1.0/go.mod h1:J7Y8YcW2NihsgmVo/mv3lAwl/skON4iLHjSsI+c5H38=
github.com/davecgh/go-spew v1.1.1 h1:vj9j/u1bqnvCEfJOwUhtlOARqs3+rkHYY13jYWTU97c=
github.com/davecgh/go-spew v1.1.1/go.mod h1:J7Y8YcW2NihsgmVo/mv3lAwl/skON4iLHjSsI+c5H38=
github.com/google/go-cmp v0.5.8 h1:e6P7q2lk1O+qJJb4BtCQXlK8vWEO8V1ZeuEdJNOqZyg=
github.com/google/go-cmp v0.5.8/go.mod h1:17dUlkBOakJ0+DkrSSNjCkIjxS6bF9zb3elmeNGIjoY=
github.com/hinshun/vt10x v0.0.0-20220119200601-820417d04eec h1:qv2VnGeEQHchGaZ/u7lxST/RaJw+cv273q79D81Xbog=
github.com/hinshun/vt10x v0.0.0-20220119200601-820417d04eec/go.mod h1:Q48J4R4DvxnHolD5P8pOtXigYlRuPLGl6moFx3ulM68=
github.com/jmespath/go-jmespath v0.4.0/go.mod h1:T8mJZnbsbmF+m6zOOFylbeCJqk5+pHWvzYPziyZiYoo=
github.com/jmespath/go-jmespath/internal/testify v1.5.1/go.mod h1:L3OGu8Wl2/fWfCI6z80xFu9LTZmf1ZRjMHUOPmWr69U=
github.com/kballard/go-shellquote v0.0.0-20180428030007-95032a82bc51 h1:Z9n2FFNUXsshfwJMBgNA0RU6/i7WVaAegv3PtuIHPMs=
github.com/kballard/go-shellquote v0.0.0-20180428030007-95032a82bc51/go.mod h1:CzGEWj7cYgsdH8dAjBGEr58BoE7ScuLd+fwFZ44+/x8=
github.com/mattn/go-colorable v0.1.2 h1:/bC9yWikZXAL9uJdulbSfyVNIR3n3trXl+v8+1sx8mU=
github.com/mattn/go-colorable v0.1.2/go.mod h1:U0ppj6V5qS13XJ6of8GYAs25YV2eR4EVcfRqFIhoBtE=
github.com/mattn/go-isatty v0.0.8 h1:HLtExJ+uU2HOZ+wI0Tt5DtUDrx8yhUqDcp7fYERX4CE=
github.com/mattn/go-isatty v0.0.8/go.mod h1:Iq45c/XA43vh69/j3iqttzPXn0bhXyGjM0Hdxcsrc5s=
github.com/mattn/go-runewidth v0.0.9 h1:Lm995f3rfxdpd6TSmuVCHVb/QhupuXlYr8sCI/QdE+0=
github.com/mattn/go-runewidth v0.0.9/go.mod h1:H031xJmbD/WCDINGzjvQ9THkh0rPKHF+m2gUSrubnMI=
github.com/mgutz/ansi v0.0.0-20170206155736-9520e82c474b h1:j7+1HpAFS1zy5+Q4qx1fWh90gTKwiN4QCGoY9TWyyO4=
github.com/mgutz/ansi v0.0.0-20170206155736-9520e82c474b/go.mod h1:01TrycV0kFyexm33Z7vhZRXopbI8J3TDReVlkTgMUxE=
github.com/olekukonko/tablewriter v0.0.5 h1:P2Ga83D34wi1o9J6Wh1mRuqd4mF/x/lgBS7N7AbDhec=
github.com/olekukonko/tablewriter v0.0.5/go.mod h1:hPp6KlRPjbx+hW8ykQs1w3UBbZlj6HuIJcUGPhkA7kY=
github.com/pmezard/go-difflib v1.0.0 h1:4DBwDE0NGyQoBHbLQYPwSUPoCMWR5BEzIk/f1lZbAQM=
github.com/pmezard/go-difflib v1.0.0/go.mod h1:iKH77koFhYxTK1pcRnkKkqfTogsbg7gZNVY4sRDYZ/4=
github.com/stretchr/objx v0.1.0/go.mod h1:HFkY916IF+rwdDfMAkV7OtwuqBVzrE8GR6GFx+wExME=
github.com/stretchr/testify v1.6.1/go.mod h1:6Fq8oRcR53rry900zMqJjRRixrwX3KX962/h/Wwjteg=
github.com/stretchr/testify v1.7.2 h1:4jaiDzPyXQvSd7D0EjG45355tLlV3VOECpq10pLC+8s=
github.com/stretchr/testify v1.7.2/go.mod h1:R6va5+xMeoiuVRoj+gSkQ7d3FALtqAAGI1FQKckRals=
golang.org/x/sys v0.0.0-20190222072716-a9d3bda3a223/go.mod h1:STP8DvDyc/dI5b8T5hshtkjS+E42TnysNCUPdjciGhY=
golang.org/x/sys v0.0.0-20201119102817-f84b799fce68/go.mod h1:h1NjWce9XRLGQEsW7wpKNCjG9DtNlClVuFLEZdDNbEs=
golang.org/x/sys v0.0.0-20220422013727-9388b58f7150 h1:xHms4gcpe1YE7A3yIllJXP16CMAGuqwO2lX1mTyyRRc=
golang.org/x/sys v0.0.0-20220422013727-9388b58f7150/go.mod h1:oPkhp1MJrh7nUepCBck5+mAzfO9JrbApNNgaTdGDITg=
golang.org/x/term v0.0.0-20210503060354-a79de5458b56 h1:b8jxX3zqjpqb2LklXPzKSGJhzyxCOZSz8ncv8Nv+y7w=
golang.org/x/term v0.0.0-20210503060354-a79de5458b56/go.mod h1:tfny5GFUkzUvx4ps4ajbZsCe5lw1metzhBm9T3x7oIY=
golang.org/x/text v0.3.3 h1:cokOdA+Jmi5PJGXLlLllQSgYigAEfHXJAERHVMaCc2k=
golang.org/x/text v0.3.3/go.mod h1:5Zoc/QRtKVWzQhOtBMvqHzDpF6irO9z98xDceosuGiQ=
golang.org/x/tools v0.0.0-20180917221912-90fa682c2a6e/go.mod h1:n7NCudcB/nEzxVGmLbDWY5pfWTLqBcC2KZ6jyYvM4mQ=
gopkg.in/check.v1 v0.0.0-20161208181325-20d25e280405/go.mod h1:Co6ibVJAznAaIkqp8huTwlJQCZ016jof/cbN4VW5Yz0=
gopkg.in/yaml.v2 v2.2.8/go.mod h1:hI93XBmqTisBFMUTm0b8Fm+jr3Dg1NNxqwp+5A1VGuI=
gopkg.in/yaml.v3 v3.0.0-20200313102051-9f266ea9e77c/go.mod h1:K4uyk7z7BCEPqu6E+C64Yfv1cQ7kz7rIZviUmN+EgEM=
gopkg.in/yaml.v3 v3.0.1 h1:fxVm/GzAzEWqLHuvctI91KS9hhNmmWOoWu0XTYJS7CA=
gopkg.in/yaml.v3 v3.0.1/go.mod h1:K4uyk7z7BCEPqu6E+C64Yfv1cQ7kz7rIZviUmN+EgEM=
